
Microsoft Visual Studio Solution File, Format Version 12.00
# Visual Studio Version 16
VisualStudioVersion = 16.0.29613.14
MinimumVisualStudioVersion = 10.0.40219.1
Project("{FAE04EC0-301F-11D3-BF4B-00C04F79EFBC}") = "Pincab.Configurator", "PinCab.Configurator\Pincab.Configurator.csproj", "{6F487124-0E0F-466A-8EB3-E3A5D2D86EC3}"
EndProject
Project("{2150E333-8FDC-42A3-9474-1A3956D46DE8}") = "Solution Items", "Solution Items", "{E3C3D453-72DB-4D75-AC90-479F2575B882}"
	ProjectSection(SolutionItems) = preProject
		readme.md = readme.md
	EndProjectSection
EndProject
Project("{FAE04EC0-301F-11D3-BF4B-00C04F79EFBC}") = "PinCab.Utils", "PinCab.Utils\PinCab.Utils.csproj", "{C7093723-A805-4C85-AAED-05D6F626BA09}"
EndProject
Project("{2150E333-8FDC-42A3-9474-1A3956D46DE8}") = "Screenshots", "Screenshots", "{29A19EC9-A59A-4EA4-B6A1-596A2D0E0846}"
	ProjectSection(SolutionItems) = preProject
		Screenshots\B2sScreenresEditor.png = Screenshots\B2sScreenresEditor.png
		Screenshots\PinMameROMBrowserScreenshot.png = Screenshots\PinMameROMBrowserScreenshot.png
		Screenshots\PinMameRomEditorScreenshot.png = Screenshots\PinMameRomEditorScreenshot.png
		Screenshots\Screenshot_2Screens.png = Screenshots\Screenshot_2Screens.png
		Screenshots\Screenshot_3Screens.png = Screenshots\Screenshot_3Screens.png
		Screenshots\Screenshot_3ScreensV2.png = Screenshots\Screenshot_3ScreensV2.png
	EndProjectSection
EndProject
Global
	GlobalSection(SolutionConfigurationPlatforms) = preSolution
		Debug|Any CPU = Debug|Any CPU
		Debug|x64 = Debug|x64
		Debug|x86 = Debug|x86
		Release|Any CPU = Release|Any CPU
		Release|x64 = Release|x64
		Release|x86 = Release|x86
	EndGlobalSection
	GlobalSection(ProjectConfigurationPlatforms) = postSolution
		{6F487124-0E0F-466A-8EB3-E3A5D2D86EC3}.Debug|Any CPU.ActiveCfg = Debug|Any CPU
		{6F487124-0E0F-466A-8EB3-E3A5D2D86EC3}.Debug|Any CPU.Build.0 = Debug|Any CPU
		{6F487124-0E0F-466A-8EB3-E3A5D2D86EC3}.Debug|x64.ActiveCfg = Debug|x64
		{6F487124-0E0F-466A-8EB3-E3A5D2D86EC3}.Debug|x64.Build.0 = Debug|x64
		{6F487124-0E0F-466A-8EB3-E3A5D2D86EC3}.Debug|x86.ActiveCfg = Debug|x86
		{6F487124-0E0F-466A-8EB3-E3A5D2D86EC3}.Debug|x86.Build.0 = Debug|x86
		{6F487124-0E0F-466A-8EB3-E3A5D2D86EC3}.Release|Any CPU.ActiveCfg = Release|Any CPU
		{6F487124-0E0F-466A-8EB3-E3A5D2D86EC3}.Release|Any CPU.Build.0 = Release|Any CPU
		{6F487124-0E0F-466A-8EB3-E3A5D2D86EC3}.Release|x64.ActiveCfg = Release|x64
		{6F487124-0E0F-466A-8EB3-E3A5D2D86EC3}.Release|x64.Build.0 = Release|x64
		{6F487124-0E0F-466A-8EB3-E3A5D2D86EC3}.Release|x86.ActiveCfg = Release|x86
		{6F487124-0E0F-466A-8EB3-E3A5D2D86EC3}.Release|x86.Build.0 = Release|x86
		{C7093723-A805-4C85-AAED-05D6F626BA09}.Debug|Any CPU.ActiveCfg = Debug|Any CPU
		{C7093723-A805-4C85-AAED-05D6F626BA09}.Debug|Any CPU.Build.0 = Debug|Any CPU
		{C7093723-A805-4C85-AAED-05D6F626BA09}.Debug|x64.ActiveCfg = Debug|x64
		{C7093723-A805-4C85-AAED-05D6F626BA09}.Debug|x64.Build.0 = Debug|x64
		{C7093723-A805-4C85-AAED-05D6F626BA09}.Debug|x86.ActiveCfg = Debug|x86
		{C7093723-A805-4C85-AAED-05D6F626BA09}.Debug|x86.Build.0 = Debug|x86
		{C7093723-A805-4C85-AAED-05D6F626BA09}.Release|Any CPU.ActiveCfg = Release|Any CPU
		{C7093723-A805-4C85-AAED-05D6F626BA09}.Release|Any CPU.Build.0 = Release|Any CPU
		{C7093723-A805-4C85-AAED-05D6F626BA09}.Release|x64.ActiveCfg = Release|x64
		{C7093723-A805-4C85-AAED-05D6F626BA09}.Release|x64.Build.0 = Release|x64
		{C7093723-A805-4C85-AAED-05D6F626BA09}.Release|x86.ActiveCfg = Release|x86
		{C7093723-A805-4C85-AAED-05D6F626BA09}.Release|x86.Build.0 = Release|x86
	EndGlobalSection
	GlobalSection(SolutionProperties) = preSolution
		HideSolutionNode = FALSE
	EndGlobalSection
	GlobalSection(NestedProjects) = preSolution
		{29A19EC9-A59A-4EA4-B6A1-596A2D0E0846} = {E3C3D453-72DB-4D75-AC90-479F2575B882}
	EndGlobalSection
	GlobalSection(ExtensibilityGlobals) = postSolution
		SolutionGuid = {731482B9-C20E-4F10-81E6-6071F9DAF079}
	EndGlobalSection
EndGlobal
